
Microsoft Visual Studio Solution File, Format Version 12.00
# Visual Studio 15
VisualStudioVersion = 15.0.28307.645
MinimumVisualStudioVersion = 10.0.40219.1
Project("{FAE04EC0-301F-11D3-BF4B-00C04F79EFBC}") = "WpfApp2", "WpfApp2\WpfApp2.csproj", "{E4963E2B-BA49-46BC-8E7D-A4073CCCD987}"
EndProject
Global
	GlobalSection(SolutionConfigurationPlatforms) = preSolution
		Debug|Any CPU = Debug|Any CPU
		Release|Any CPU = Release|Any CPU
	EndGlobalSection
	GlobalSection(ProjectConfigurationPlatforms) = postSolution
		{E4963E2B-BA49-46BC-8E7D-A4073CCCD987}.Debug|Any CPU.ActiveCfg = Debug|Any CPU
		{E4963E2B-BA49-46BC-8E7D-A4073CCCD987}.Debug|Any CPU.Build.0 = Debug|Any CPU
		{E4963E2B-BA49-46BC-8E7D-A4073CCCD987}.Release|Any CPU.ActiveCfg = Release|Any CPU
		{E4963E2B-BA49-46BC-8E7D-A4073CCCD987}.Release|Any CPU.Build.0 = Release|Any CPU
	EndGlobalSection
	GlobalSection(SolutionProperties) = preSolution
		HideSolutionNode = FALSE
	EndGlobalSection
	GlobalSection(ExtensibilityGlobals) = postSolution
		SolutionGuid = {F0C1934C-32C0-4AAD-B69A-045129127586}
	EndGlobalSection
EndGlobal
