
Microsoft Visual Studio Solution File, Format Version 12.00
# Visual Studio 15
VisualStudioVersion = 15.0.28307.645
MinimumVisualStudioVersion = 10.0.40219.1
Project("{FAE04EC0-301F-11D3-BF4B-00C04F79EFBC}") = "WpfApp6", "WpfApp6\WpfApp6.csproj", "{49E996D6-4945-489E-AF61-8B1D002ADAD1}"
EndProject
Global
	GlobalSection(SolutionConfigurationPlatforms) = preSolution
		Debug|Any CPU = Debug|Any CPU
		Release|Any CPU = Release|Any CPU
	EndGlobalSection
	GlobalSection(ProjectConfigurationPlatforms) = postSolution
		{49E996D6-4945-489E-AF61-8B1D002ADAD1}.Debug|Any CPU.ActiveCfg = Debug|Any CPU
		{49E996D6-4945-489E-AF61-8B1D002ADAD1}.Debug|Any CPU.Build.0 = Debug|Any CPU
		{49E996D6-4945-489E-AF61-8B1D002ADAD1}.Release|Any CPU.ActiveCfg = Release|Any CPU
		{49E996D6-4945-489E-AF61-8B1D002ADAD1}.Release|Any CPU.Build.0 = Release|Any CPU
	EndGlobalSection
	GlobalSection(SolutionProperties) = preSolution
		HideSolutionNode = FALSE
	EndGlobalSection
	GlobalSection(ExtensibilityGlobals) = postSolution
		SolutionGuid = {6EBB7901-3046-4E51-8BE0-7462D684B87B}
	EndGlobalSection
EndGlobal
